<?xml version="1.0" encoding="utf-8"?>
<Project ToolsVersion="4.0" xmlns="http://schemas.microsoft.com/developer/msbuild/2003">
  <ItemGroup>
    <Filter Include="Source Files">
      <UniqueIdentifier>{87273729-802c-44f9-8a9a-02317f23ee20}</UniqueIdentifier>
      <Extensions>cpp;c;cxx;rc;def;r;odl;idl;hpj;bat</Extensions>
    </Filter>
    <Filter Include="Header Files">
      <UniqueIdentifier>{f3a44ec2-1ae1-4f75-9b31-534f2409d77f}</UniqueIdentifier>
      <Extensions>h;hpp;hxx;hm;inl</Extensions>
    </Filter>
    <Filter Include="Resource Files">
      <UniqueIdentifier>{350cb9bc-2de7-416f-b8de-933e9db7c7b0}</UniqueIdentifier>
      <Extensions>ico;cur;bmp;dlg;rc2;rct;bin;rgs;gif;jpg;jpeg;jpe</Extensions>
    </Filter>
  </ItemGroup>
  <ItemGroup>
    <ClCompile Include="..\vz\vzImage.cpp">
      <Filter>Source Files</Filter>
    </ClCompile>
  </ItemGroup>
  <ItemGroup>
    <MASMx64 Include="..\vz\vzImageDec_conv_bgra_aaaa_x64.asm">
      <Filter>Source Files</Filter>
    </MASMx64>
    <MASMx64 Include="..\vz\vzImageDec_conv_uyvy_bgra_x64.asm">
      <Filter>Source Files</Filter>
    </MASMx64>
  </ItemGroup>
  <ItemGroup>
    <ClInclude Include="..\vz\vzImageDownload.h">
      <Filter>Source Files</Filter>
    </ClInclude>
    <ClInclude Include="..\vz\vzImageLoad.h">
      <Filter>Source Files</Filter>
    </ClInclude>
    <ClInclude Include="..\vz\vzImageLoadBMP.h">
      <Filter>Source Files</Filter>
    </ClInclude>
    <ClInclude Include="..\vz\vzImageLoadJPEG.h">
      <Filter>Source Files</Filter>
    </ClInclude>
    <ClInclude Include="..\vz\vzImageLoadPNG.h">
      <Filter>Source Files</Filter>
    </ClInclude>
    <ClInclude Include="..\vz\vzImageLoadTGA.h">
      <Filter>Source Files</Filter>
    </ClInclude>
    <ClInclude Include="..\vz\vzImagePixFmtConv.h">
      <Filter>Source Files</Filter>
    </ClInclude>
    <ClInclude Include="..\vz\vzImage.h">
      <Filter>Header Files</Filter>
    </ClInclude>
  </ItemGroup>
</Project>