<?xml version="1.0" encoding="utf-8"?>
<Project ToolsVersion="4.0" xmlns="http://schemas.microsoft.com/developer/msbuild/2003">
  <ItemGroup>
    <Filter Include="Source Files">
      <UniqueIdentifier>{8acc34f1-31b9-496e-ad09-4cace9491c37}</UniqueIdentifier>
      <Extensions>cpp;c;cxx;rc;def;r;odl;idl;hpj;bat</Extensions>
    </Filter>
    <Filter Include="Header Files">
      <UniqueIdentifier>{52d5a00c-a4d0-4a42-a670-7c39e2cad5a9}</UniqueIdentifier>
      <Extensions>h;hpp;hxx;hm;inl</Extensions>
    </Filter>
    <Filter Include="Resource Files">
      <UniqueIdentifier>{297af2b4-2e07-4db2-b385-d90a24d7c331}</UniqueIdentifier>
      <Extensions>ico;cur;bmp;dlg;rc2;rct;bin;rgs;gif;jpg;jpeg;jpe</Extensions>
    </Filter>
  </ItemGroup>
  <ItemGroup>
    <ClCompile Include="..\vz\vzOutput.cpp">
      <Filter>Source Files</Filter>
    </ClCompile>
  </ItemGroup>
  <ItemGroup>
    <ClInclude Include="..\vz\vzOutput.h">
      <Filter>Header Files</Filter>
    </ClInclude>
    <ClInclude Include="..\vz\vzOutputBuffers.h">
      <Filter>Header Files</Filter>
    </ClInclude>
    <ClInclude Include="..\vz\vzOutputContext.h">
      <Filter>Header Files</Filter>
    </ClInclude>
    <ClInclude Include="..\vz\vzOutputModule.h">
      <Filter>Header Files</Filter>
    </ClInclude>
  </ItemGroup>
</Project>