<?xml version="1.0" encoding="utf-8"?>
<Project ToolsVersion="4.0" xmlns="http://schemas.microsoft.com/developer/msbuild/2003">
  <ItemGroup>
    <Filter Include="Source Files">
      <UniqueIdentifier>{2cc804e5-35e8-4207-9074-bdda9fc2f7f7}</UniqueIdentifier>
      <Extensions>cpp;c;cxx;rc;def;r;odl;idl;hpj;bat</Extensions>
    </Filter>
    <Filter Include="Header Files">
      <UniqueIdentifier>{c29401d7-fe59-4d1b-ad8c-64d5aac08ff0}</UniqueIdentifier>
      <Extensions>h;hpp;hxx;hm;inl</Extensions>
    </Filter>
    <Filter Include="Resource Files">
      <UniqueIdentifier>{89c607b9-10f3-4e7f-b4e8-e0d7a8b687ad}</UniqueIdentifier>
      <Extensions>ico;cur;bmp;dlg;rc2;rct;bin;rgs;gif;jpg;jpeg;jpe</Extensions>
    </Filter>
  </ItemGroup>
  <ItemGroup>
    <ClCompile Include="vz_cmd.c">
      <Filter>Source Files</Filter>
    </ClCompile>
    <ClCompile Include="vz_cmd_serial.c">
      <Filter>Source Files</Filter>
    </ClCompile>
    <ClCompile Include="vz_cmd_shell.c">
      <Filter>Source Files</Filter>
    </ClCompile>
  </ItemGroup>
  <ItemGroup>
    <ClInclude Include="vz_cmd-private.h">
      <Filter>Header Files</Filter>
    </ClInclude>
    <ClInclude Include="vz_cmd.h">
      <Filter>Header Files</Filter>
    </ClInclude>
  </ItemGroup>
</Project>