
Microsoft Visual Studio Solution File, Format Version 12.00
# Visual Studio 15
VisualStudioVersion = 15.0.27004.2010
MinimumVisualStudioVersion = 10.0.40219.1
Project("{8BC9CEB8-8B4A-11D0-8D11-00A0C91BC942}") = "tga2h", "tga2h\tga2h.vcxproj", "{E7A14617-FB9B-491A-817B-7C916E7814D7}"
EndProject
Project("{8BC9CEB8-8B4A-11D0-8D11-00A0C91BC942}") = "vz", "vz\vz.vcxproj", "{6767732A-D9B1-47AF-9987-ADCB502899BA}"
EndProject
Project("{8BC9CEB8-8B4A-11D0-8D11-00A0C91BC942}") = "vzCmd", "vzCmd\vzCmd.vcxproj", "{262E0C10-1318-44B0-A68E-8F18E19B55C0}"
EndProject
Project("{8BC9CEB8-8B4A-11D0-8D11-00A0C91BC942}") = "vzGlExt", "vzGlExt\vzGlExt.vcxproj", "{7275E261-E52A-464F-9396-85E2BFD6ECA7}"
EndProject
Project("{8BC9CEB8-8B4A-11D0-8D11-00A0C91BC942}") = "vzImage", "vzImage\vzImage.vcxproj", "{C6799319-8322-4B82-877B-9519DD386B89}"
EndProject
Project("{8BC9CEB8-8B4A-11D0-8D11-00A0C91BC942}") = "vzMain", "vzMain\vzMain.vcxproj", "{FE2D16E0-F446-4E0E-A312-6ED03540D1FE}"
EndProject
Project("{8BC9CEB8-8B4A-11D0-8D11-00A0C91BC942}") = "vzOutput", "vzOutput\vzOutput.vcxproj", "{5552C955-0FB1-4E3D-83A2-41BDF8A80B4F}"
EndProject
Project("{8BC9CEB8-8B4A-11D0-8D11-00A0C91BC942}") = "vzPluginsMan", "vzPluginsMan\vzPluginsMan.vcxproj", "{39B5C4B2-4AF4-40BF-A50D-08471AEF90B8}"
EndProject
Project("{8BC9CEB8-8B4A-11D0-8D11-00A0C91BC942}") = "vzPointTracer", "vzPointTracer\vzPointTracer.vcxproj", "{EE6836BB-F9B7-42FA-9141-59CBAFE0E62B}"
EndProject
Project("{8BC9CEB8-8B4A-11D0-8D11-00A0C91BC942}") = "vzTTFont", "vzTTFont\vzTTFont.vcxproj", "{A7BDFBA1-646A-4ABB-813D-2ABF4479B449}"
EndProject
Project("{8BC9CEB8-8B4A-11D0-8D11-00A0C91BC942}") = "vzLogger", "vzLogger\vzLogger.vcxproj", "{5552C955-0FB1-4E3D-83A2-41BDF8A80B00}"
EndProject
Project("{8BC9CEB8-8B4A-11D0-8D11-00A0C91BC942}") = "vzCmdSender", "vzCmd\vzCmdSender.vcxproj", "{39B5C4B2-4AF4-40BF-A50D-08471AEF90B9}"
EndProject
Project("{8BC9CEB8-8B4A-11D0-8D11-00A0C91BC942}") = "vzCmdSend", "vzCmd\vzCmdSend.vcxproj", "{262E0C10-1318-44B0-A68E-8F18E19B55C1}"
EndProject
Project("{2150E333-8FDC-42A3-9474-1A3956D46DE8}") = "plugins", "plugins", "{525E5FD3-1C8D-4222-94B7-FA2BBD22BC6A}"
EndProject
Project("{8BC9CEB8-8B4A-11D0-8D11-00A0C91BC942}") = "alpha", "vzPlugins\alpha.vcxproj", "{E2C4AB21-689E-4C34-8F28-3DA110D693E0}"
EndProject
Project("{8BC9CEB8-8B4A-11D0-8D11-00A0C91BC942}") = "avifile", "vzPlugins\avifile.vcxproj", "{E2C4AB21-689E-4C34-8F28-3DA110D69001}"
EndProject
Project("{8BC9CEB8-8B4A-11D0-8D11-00A0C91BC942}") = "blend", "vzPlugins\blend.vcxproj", "{E2C4AB21-689E-4C34-8F28-3DA110D69002}"
EndProject
Project("{8BC9CEB8-8B4A-11D0-8D11-00A0C91BC942}") = "url_frame_notify", "vzPlugins\url_frame_notify.vcxproj", "{E2C4AB21-689E-4C34-8F28-3DA110D69000}"
EndProject
Project("{8BC9CEB8-8B4A-11D0-8D11-00A0C91BC942}") = "clone_render", "vzPlugins\clone_render.vcxproj", "{E2C4AB21-689E-4C34-8F28-3DA110D69019}"
EndProject
Project("{8BC9CEB8-8B4A-11D0-8D11-00A0C91BC942}") = "colorize", "vzPlugins\colorize.vcxproj", "{E2C4AB21-689E-4C34-8F28-3DA110D69018}"
EndProject
Project("{8BC9CEB8-8B4A-11D0-8D11-00A0C91BC942}") = "ctrl_container", "vzPlugins\ctrl_container.vcxproj", "{E2C4AB21-689E-4C34-8F28-3DA110D69017}"
EndProject
Project("{8BC9CEB8-8B4A-11D0-8D11-00A0C91BC942}") = "ctrl_director", "vzPlugins\ctrl_director.vcxproj", "{E2C4AB21-689E-4C34-8F28-3DA110D69016}"
EndProject
Project("{8BC9CEB8-8B4A-11D0-8D11-00A0C91BC942}") = "equipe_timer", "vzPlugins\equipe_timer.vcxproj", "{B4F8D884-F16C-4663-A6A9-A007118657EA}"
EndProject
Project("{8BC9CEB8-8B4A-11D0-8D11-00A0C91BC942}") = "fillarc", "vzPlugins\fillarc.vcxproj", "{E2C4AB21-689E-4C34-8F28-3DA110D69015}"
EndProject
Project("{8BC9CEB8-8B4A-11D0-8D11-00A0C91BC942}") = "image", "vzPlugins\image.vcxproj", "{E2C4AB21-689E-4C34-8F28-3DA110D69014}"
EndProject
Project("{8BC9CEB8-8B4A-11D0-8D11-00A0C91BC942}") = "liveinput", "vzPlugins\liveinput.vcxproj", "{E2C4AB21-689E-4C34-8F28-3DA110D69013}"
EndProject
Project("{8BC9CEB8-8B4A-11D0-8D11-00A0C91BC942}") = "mask", "vzPlugins\mask.vcxproj", "{E2C4AB21-689E-4C34-8F28-3DA110D69012}"
EndProject
Project("{8BC9CEB8-8B4A-11D0-8D11-00A0C91BC942}") = "rectangle", "vzPlugins\rectangle.vcxproj", "{E2C4AB21-689E-4C34-8F28-3DA110D69011}"
EndProject
Project("{8BC9CEB8-8B4A-11D0-8D11-00A0C91BC942}") = "rotate", "vzPlugins\rotate.vcxproj", "{E2C4AB21-689E-4C34-8F28-3DA110D69010}"
EndProject
Project("{8BC9CEB8-8B4A-11D0-8D11-00A0C91BC942}") = "scale", "vzPlugins\scale.vcxproj", "{E2C4AB21-689E-4C34-8F28-3DA110D69009}"
EndProject
Project("{8BC9CEB8-8B4A-11D0-8D11-00A0C91BC942}") = "systime", "vzPlugins\systime.vcxproj", "{E2C4AB21-689E-4C34-8F28-3DA110D69008}"
EndProject
Project("{8BC9CEB8-8B4A-11D0-8D11-00A0C91BC942}") = "ttfont_hcrawl", "vzPlugins\ttfont_hcrawl.vcxproj", "{E9EFA750-A876-4D93-AC34-07DEE742F8ED}"
EndProject
Project("{8BC9CEB8-8B4A-11D0-8D11-00A0C91BC942}") = "ttfont", "vzPlugins\ttfont.vcxproj", "{C2F1A1D9-3671-453D-A31E-B6D778713A37}"
EndProject
Project("{8BC9CEB8-8B4A-11D0-8D11-00A0C91BC942}") = "translate", "vzPlugins\translate.vcxproj", "{E2C4AB21-689E-4C34-8F28-3DA110D69003}"
EndProject
Project("{8BC9CEB8-8B4A-11D0-8D11-00A0C91BC942}") = "trajectory_table", "vzPlugins\trajectory_table.vcxproj", "{E2C4AB21-689E-4C34-8F28-3DA110D69004}"
EndProject
Project("{8BC9CEB8-8B4A-11D0-8D11-00A0C91BC942}") = "trajectory_live", "vzPlugins\trajectory_live.vcxproj", "{E2C4AB21-689E-4C34-8F28-3DA110D69005}"
EndProject
Project("{8BC9CEB8-8B4A-11D0-8D11-00A0C91BC942}") = "timer", "vzPlugins\timer.vcxproj", "{E2C4AB21-689E-4C34-8F28-3DA110D69006}"
EndProject
Project("{8BC9CEB8-8B4A-11D0-8D11-00A0C91BC942}") = "text_seq", "vzPlugins\text_seq.vcxproj", "{E2C4AB21-689E-4C34-8F28-3DA110D69007}"
EndProject
Project("{2150E333-8FDC-42A3-9474-1A3956D46DE8}") = "outputs", "outputs", "{B545F96F-43A0-4E7F-97F8-5A6D4C7BEF54}"
EndProject
Project("{8BC9CEB8-8B4A-11D0-8D11-00A0C91BC942}") = "decklink", "vzOutputs\decklink.vcxproj", "{E2C4AB21-789E-4C34-8F28-3DA110D693E0}"
EndProject
Project("{8BC9CEB8-8B4A-11D0-8D11-00A0C91BC942}") = "direct3d9", "vzOutputs\direct3d9.vcxproj", "{E2C4AB22-789E-4C34-8F28-3DA110D693E0}"
EndProject
Project("{8BC9CEB8-8B4A-11D0-8D11-00A0C91BC942}") = "nullvideo", "vzOutputs\nullvideo.vcxproj", "{E2D8AB22-789E-4C34-8F28-3DA110D693E0}"
EndProject
Global
	GlobalSection(SolutionConfigurationPlatforms) = preSolution
		Debug|x64 = Debug|x64
		Debug|x86 = Debug|x86
		Release|x64 = Release|x64
		Release|x86 = Release|x86
	EndGlobalSection
	GlobalSection(ProjectConfigurationPlatforms) = postSolution
		{E7A14617-FB9B-491A-817B-7C916E7814D7}.Debug|x64.ActiveCfg = Debug|x64
		{E7A14617-FB9B-491A-817B-7C916E7814D7}.Debug|x64.Build.0 = Debug|x64
		{E7A14617-FB9B-491A-817B-7C916E7814D7}.Debug|x86.ActiveCfg = Debug|Win32
		{E7A14617-FB9B-491A-817B-7C916E7814D7}.Debug|x86.Build.0 = Debug|Win32
		{E7A14617-FB9B-491A-817B-7C916E7814D7}.Debug|x86.Deploy.0 = Debug|Win32
		{E7A14617-FB9B-491A-817B-7C916E7814D7}.Release|x64.ActiveCfg = Release|x64
		{E7A14617-FB9B-491A-817B-7C916E7814D7}.Release|x64.Build.0 = Release|x64
		{E7A14617-FB9B-491A-817B-7C916E7814D7}.Release|x86.ActiveCfg = Release|Win32
		{E7A14617-FB9B-491A-817B-7C916E7814D7}.Release|x86.Build.0 = Release|Win32
		{E7A14617-FB9B-491A-817B-7C916E7814D7}.Release|x86.Deploy.0 = Release|Win32
		{6767732A-D9B1-47AF-9987-ADCB502899BA}.Debug|x64.ActiveCfg = Debug|x64
		{6767732A-D9B1-47AF-9987-ADCB502899BA}.Debug|x64.Build.0 = Debug|x64
		{6767732A-D9B1-47AF-9987-ADCB502899BA}.Debug|x86.ActiveCfg = Debug|Win32
		{6767732A-D9B1-47AF-9987-ADCB502899BA}.Debug|x86.Build.0 = Debug|Win32
		{6767732A-D9B1-47AF-9987-ADCB502899BA}.Release|x64.ActiveCfg = Release|x64
		{6767732A-D9B1-47AF-9987-ADCB502899BA}.Release|x64.Build.0 = Release|x64
		{6767732A-D9B1-47AF-9987-ADCB502899BA}.Release|x86.ActiveCfg = Release|Win32
		{6767732A-D9B1-47AF-9987-ADCB502899BA}.Release|x86.Build.0 = Release|Win32
		{262E0C10-1318-44B0-A68E-8F18E19B55C0}.Debug|x64.ActiveCfg = Debug|x64
		{262E0C10-1318-44B0-A68E-8F18E19B55C0}.Debug|x64.Build.0 = Debug|x64
		{262E0C10-1318-44B0-A68E-8F18E19B55C0}.Debug|x86.ActiveCfg = Debug|Win32
		{262E0C10-1318-44B0-A68E-8F18E19B55C0}.Debug|x86.Build.0 = Debug|Win32
		{262E0C10-1318-44B0-A68E-8F18E19B55C0}.Release|x64.ActiveCfg = Release|x64
		{262E0C10-1318-44B0-A68E-8F18E19B55C0}.Release|x64.Build.0 = Release|x64
		{262E0C10-1318-44B0-A68E-8F18E19B55C0}.Release|x86.ActiveCfg = Release|Win32
		{262E0C10-1318-44B0-A68E-8F18E19B55C0}.Release|x86.Build.0 = Release|Win32
		{7275E261-E52A-464F-9396-85E2BFD6ECA7}.Debug|x64.ActiveCfg = Debug|x64
		{7275E261-E52A-464F-9396-85E2BFD6ECA7}.Debug|x64.Build.0 = Debug|x64
		{7275E261-E52A-464F-9396-85E2BFD6ECA7}.Debug|x86.ActiveCfg = Debug|Win32
		{7275E261-E52A-464F-9396-85E2BFD6ECA7}.Debug|x86.Build.0 = Debug|Win32
		{7275E261-E52A-464F-9396-85E2BFD6ECA7}.Debug|x86.Deploy.0 = Debug|Win32
		{7275E261-E52A-464F-9396-85E2BFD6ECA7}.Release|x64.ActiveCfg = Release|x64
		{7275E261-E52A-464F-9396-85E2BFD6ECA7}.Release|x64.Build.0 = Release|x64
		{7275E261-E52A-464F-9396-85E2BFD6ECA7}.Release|x86.ActiveCfg = Release|Win32
		{7275E261-E52A-464F-9396-85E2BFD6ECA7}.Release|x86.Build.0 = Release|Win32
		{7275E261-E52A-464F-9396-85E2BFD6ECA7}.Release|x86.Deploy.0 = Release|Win32
		{C6799319-8322-4B82-877B-9519DD386B89}.Debug|x64.ActiveCfg = Debug|x64
		{C6799319-8322-4B82-877B-9519DD386B89}.Debug|x64.Build.0 = Debug|x64
		{C6799319-8322-4B82-877B-9519DD386B89}.Debug|x86.ActiveCfg = Debug|Win32
		{C6799319-8322-4B82-877B-9519DD386B89}.Debug|x86.Build.0 = Debug|Win32
		{C6799319-8322-4B82-877B-9519DD386B89}.Release|x64.ActiveCfg = Release|x64
		{C6799319-8322-4B82-877B-9519DD386B89}.Release|x64.Build.0 = Release|x64
		{C6799319-8322-4B82-877B-9519DD386B89}.Release|x86.ActiveCfg = Release|Win32
		{C6799319-8322-4B82-877B-9519DD386B89}.Release|x86.Build.0 = Release|Win32
		{FE2D16E0-F446-4E0E-A312-6ED03540D1FE}.Debug|x64.ActiveCfg = Debug|x64
		{FE2D16E0-F446-4E0E-A312-6ED03540D1FE}.Debug|x64.Build.0 = Debug|x64
		{FE2D16E0-F446-4E0E-A312-6ED03540D1FE}.Debug|x86.ActiveCfg = Debug|Win32
		{FE2D16E0-F446-4E0E-A312-6ED03540D1FE}.Debug|x86.Build.0 = Debug|Win32
		{FE2D16E0-F446-4E0E-A312-6ED03540D1FE}.Release|x64.ActiveCfg = Release|x64
		{FE2D16E0-F446-4E0E-A312-6ED03540D1FE}.Release|x64.Build.0 = Release|x64
		{FE2D16E0-F446-4E0E-A312-6ED03540D1FE}.Release|x86.ActiveCfg = Release|Win32
		{FE2D16E0-F446-4E0E-A312-6ED03540D1FE}.Release|x86.Build.0 = Release|Win32
		{5552C955-0FB1-4E3D-83A2-41BDF8A80B4F}.Debug|x64.ActiveCfg = Debug|x64
		{5552C955-0FB1-4E3D-83A2-41BDF8A80B4F}.Debug|x64.Build.0 = Debug|x64
		{5552C955-0FB1-4E3D-83A2-41BDF8A80B4F}.Debug|x86.ActiveCfg = Debug|Win32
		{5552C955-0FB1-4E3D-83A2-41BDF8A80B4F}.Debug|x86.Build.0 = Debug|Win32
		{5552C955-0FB1-4E3D-83A2-41BDF8A80B4F}.Debug|x86.Deploy.0 = Debug|Win32
		{5552C955-0FB1-4E3D-83A2-41BDF8A80B4F}.Release|x64.ActiveCfg = Release|x64
		{5552C955-0FB1-4E3D-83A2-41BDF8A80B4F}.Release|x64.Build.0 = Release|x64
		{5552C955-0FB1-4E3D-83A2-41BDF8A80B4F}.Release|x86.ActiveCfg = Release|Win32
		{5552C955-0FB1-4E3D-83A2-41BDF8A80B4F}.Release|x86.Build.0 = Release|Win32
		{5552C955-0FB1-4E3D-83A2-41BDF8A80B4F}.Release|x86.Deploy.0 = Release|Win32
		{39B5C4B2-4AF4-40BF-A50D-08471AEF90B8}.Debug|x64.ActiveCfg = Debug|x64
		{39B5C4B2-4AF4-40BF-A50D-08471AEF90B8}.Debug|x64.Build.0 = Debug|x64
		{39B5C4B2-4AF4-40BF-A50D-08471AEF90B8}.Debug|x86.ActiveCfg = Debug|Win32
		{39B5C4B2-4AF4-40BF-A50D-08471AEF90B8}.Debug|x86.Build.0 = Debug|Win32
		{39B5C4B2-4AF4-40BF-A50D-08471AEF90B8}.Debug|x86.Deploy.0 = Debug|Win32
		{39B5C4B2-4AF4-40BF-A50D-08471AEF90B8}.Release|x64.ActiveCfg = Release|x64
		{39B5C4B2-4AF4-40BF-A50D-08471AEF90B8}.Release|x64.Build.0 = Release|x64
		{39B5C4B2-4AF4-40BF-A50D-08471AEF90B8}.Release|x86.ActiveCfg = Release|Win32
		{39B5C4B2-4AF4-40BF-A50D-08471AEF90B8}.Release|x86.Build.0 = Release|Win32
		{39B5C4B2-4AF4-40BF-A50D-08471AEF90B8}.Release|x86.Deploy.0 = Release|Win32
		{EE6836BB-F9B7-42FA-9141-59CBAFE0E62B}.Debug|x64.ActiveCfg = Debug|x64
		{EE6836BB-F9B7-42FA-9141-59CBAFE0E62B}.Debug|x64.Build.0 = Debug|x64
		{EE6836BB-F9B7-42FA-9141-59CBAFE0E62B}.Debug|x86.ActiveCfg = Debug|Win32
		{EE6836BB-F9B7-42FA-9141-59CBAFE0E62B}.Debug|x86.Build.0 = Debug|Win32
		{EE6836BB-F9B7-42FA-9141-59CBAFE0E62B}.Debug|x86.Deploy.0 = Debug|Win32
		{EE6836BB-F9B7-42FA-9141-59CBAFE0E62B}.Release|x64.ActiveCfg = Release|x64
		{EE6836BB-F9B7-42FA-9141-59CBAFE0E62B}.Release|x64.Build.0 = Release|x64
		{EE6836BB-F9B7-42FA-9141-59CBAFE0E62B}.Release|x86.ActiveCfg = Release|Win32
		{EE6836BB-F9B7-42FA-9141-59CBAFE0E62B}.Release|x86.Build.0 = Release|Win32
		{EE6836BB-F9B7-42FA-9141-59CBAFE0E62B}.Release|x86.Deploy.0 = Release|Win32
		{A7BDFBA1-646A-4ABB-813D-2ABF4479B449}.Debug|x64.ActiveCfg = Debug|x64
		{A7BDFBA1-646A-4ABB-813D-2ABF4479B449}.Debug|x64.Build.0 = Debug|x64
		{A7BDFBA1-646A-4ABB-813D-2ABF4479B449}.Debug|x86.ActiveCfg = Debug|Win32
		{A7BDFBA1-646A-4ABB-813D-2ABF4479B449}.Debug|x86.Build.0 = Debug|Win32
		{A7BDFBA1-646A-4ABB-813D-2ABF4479B449}.Release|x64.ActiveCfg = Release|x64
		{A7BDFBA1-646A-4ABB-813D-2ABF4479B449}.Release|x64.Build.0 = Release|x64
		{A7BDFBA1-646A-4ABB-813D-2ABF4479B449}.Release|x86.ActiveCfg = Release|Win32
		{A7BDFBA1-646A-4ABB-813D-2ABF4479B449}.Release|x86.Build.0 = Release|Win32
		{5552C955-0FB1-4E3D-83A2-41BDF8A80B00}.Debug|x64.ActiveCfg = Debug|x64
		{5552C955-0FB1-4E3D-83A2-41BDF8A80B00}.Debug|x64.Build.0 = Debug|x64
		{5552C955-0FB1-4E3D-83A2-41BDF8A80B00}.Debug|x86.ActiveCfg = Debug|Win32
		{5552C955-0FB1-4E3D-83A2-41BDF8A80B00}.Debug|x86.Build.0 = Debug|Win32
		{5552C955-0FB1-4E3D-83A2-41BDF8A80B00}.Debug|x86.Deploy.0 = Debug|Win32
		{5552C955-0FB1-4E3D-83A2-41BDF8A80B00}.Release|x64.ActiveCfg = Release|x64
		{5552C955-0FB1-4E3D-83A2-41BDF8A80B00}.Release|x64.Build.0 = Release|x64
		{5552C955-0FB1-4E3D-83A2-41BDF8A80B00}.Release|x86.ActiveCfg = Release|Win32
		{5552C955-0FB1-4E3D-83A2-41BDF8A80B00}.Release|x86.Build.0 = Release|Win32
		{5552C955-0FB1-4E3D-83A2-41BDF8A80B00}.Release|x86.Deploy.0 = Release|Win32
		{39B5C4B2-4AF4-40BF-A50D-08471AEF90B9}.Debug|x64.ActiveCfg = Debug|x64
		{39B5C4B2-4AF4-40BF-A50D-08471AEF90B9}.Debug|x64.Build.0 = Debug|x64
		{39B5C4B2-4AF4-40BF-A50D-08471AEF90B9}.Debug|x86.ActiveCfg = Debug|Win32
		{39B5C4B2-4AF4-40BF-A50D-08471AEF90B9}.Debug|x86.Build.0 = Debug|Win32
		{39B5C4B2-4AF4-40BF-A50D-08471AEF90B9}.Debug|x86.Deploy.0 = Debug|Win32
		{39B5C4B2-4AF4-40BF-A50D-08471AEF90B9}.Release|x64.ActiveCfg = Release|x64
		{39B5C4B2-4AF4-40BF-A50D-08471AEF90B9}.Release|x64.Build.0 = Release|x64
		{39B5C4B2-4AF4-40BF-A50D-08471AEF90B9}.Release|x86.ActiveCfg = Release|Win32
		{39B5C4B2-4AF4-40BF-A50D-08471AEF90B9}.Release|x86.Build.0 = Release|Win32
		{39B5C4B2-4AF4-40BF-A50D-08471AEF90B9}.Release|x86.Deploy.0 = Release|Win32
		{262E0C10-1318-44B0-A68E-8F18E19B55C1}.Debug|x64.ActiveCfg = Debug|x64
		{262E0C10-1318-44B0-A68E-8F18E19B55C1}.Debug|x64.Build.0 = Debug|x64
		{262E0C10-1318-44B0-A68E-8F18E19B55C1}.Debug|x86.ActiveCfg = Debug|Win32
		{262E0C10-1318-44B0-A68E-8F18E19B55C1}.Debug|x86.Build.0 = Debug|Win32
		{262E0C10-1318-44B0-A68E-8F18E19B55C1}.Debug|x86.Deploy.0 = Debug|Win32
		{262E0C10-1318-44B0-A68E-8F18E19B55C1}.Release|x64.ActiveCfg = Release|x64
		{262E0C10-1318-44B0-A68E-8F18E19B55C1}.Release|x64.Build.0 = Release|x64
		{262E0C10-1318-44B0-A68E-8F18E19B55C1}.Release|x86.ActiveCfg = Release|Win32
		{262E0C10-1318-44B0-A68E-8F18E19B55C1}.Release|x86.Build.0 = Release|Win32
		{262E0C10-1318-44B0-A68E-8F18E19B55C1}.Release|x86.Deploy.0 = Release|Win32
		{E2C4AB21-689E-4C34-8F28-3DA110D693E0}.Debug|x64.ActiveCfg = Debug|x64
		{E2C4AB21-689E-4C34-8F28-3DA110D693E0}.Debug|x64.Build.0 = Debug|x64
		{E2C4AB21-689E-4C34-8F28-3DA110D693E0}.Debug|x86.ActiveCfg = Debug|Win32
		{E2C4AB21-689E-4C34-8F28-3DA110D693E0}.Debug|x86.Build.0 = Debug|Win32
		{E2C4AB21-689E-4C34-8F28-3DA110D693E0}.Release|x64.ActiveCfg = Release|x64
		{E2C4AB21-689E-4C34-8F28-3DA110D693E0}.Release|x64.Build.0 = Release|x64
		{E2C4AB21-689E-4C34-8F28-3DA110D693E0}.Release|x86.ActiveCfg = Release|Win32
		{E2C4AB21-689E-4C34-8F28-3DA110D693E0}.Release|x86.Build.0 = Release|Win32
		{E2C4AB21-689E-4C34-8F28-3DA110D69001}.Debug|x64.ActiveCfg = Debug|x64
		{E2C4AB21-689E-4C34-8F28-3DA110D69001}.Debug|x64.Build.0 = Debug|x64
		{E2C4AB21-689E-4C34-8F28-3DA110D69001}.Debug|x86.ActiveCfg = Debug|Win32
		{E2C4AB21-689E-4C34-8F28-3DA110D69001}.Debug|x86.Build.0 = Debug|Win32
		{E2C4AB21-689E-4C34-8F28-3DA110D69001}.Release|x64.ActiveCfg = Release|x64
		{E2C4AB21-689E-4C34-8F28-3DA110D69001}.Release|x64.Build.0 = Release|x64
		{E2C4AB21-689E-4C34-8F28-3DA110D69001}.Release|x86.ActiveCfg = Release|Win32
		{E2C4AB21-689E-4C34-8F28-3DA110D69001}.Release|x86.Build.0 = Release|Win32
		{E2C4AB21-689E-4C34-8F28-3DA110D69002}.Debug|x64.ActiveCfg = Debug|x64
		{E2C4AB21-689E-4C34-8F28-3DA110D69002}.Debug|x64.Build.0 = Debug|x64
		{E2C4AB21-689E-4C34-8F28-3DA110D69002}.Debug|x86.ActiveCfg = Debug|Win32
		{E2C4AB21-689E-4C34-8F28-3DA110D69002}.Debug|x86.Build.0 = Debug|Win32
		{E2C4AB21-689E-4C34-8F28-3DA110D69002}.Release|x64.ActiveCfg = Release|x64
		{E2C4AB21-689E-4C34-8F28-3DA110D69002}.Release|x64.Build.0 = Release|x64
		{E2C4AB21-689E-4C34-8F28-3DA110D69002}.Release|x86.ActiveCfg = Release|Win32
		{E2C4AB21-689E-4C34-8F28-3DA110D69002}.Release|x86.Build.0 = Release|Win32
		{E2C4AB21-689E-4C34-8F28-3DA110D69000}.Debug|x64.ActiveCfg = Debug|x64
		{E2C4AB21-689E-4C34-8F28-3DA110D69000}.Debug|x64.Build.0 = Debug|x64
		{E2C4AB21-689E-4C34-8F28-3DA110D69000}.Debug|x86.ActiveCfg = Debug|Win32
		{E2C4AB21-689E-4C34-8F28-3DA110D69000}.Debug|x86.Build.0 = Debug|Win32
		{E2C4AB21-689E-4C34-8F28-3DA110D69000}.Release|x64.ActiveCfg = Release|x64
		{E2C4AB21-689E-4C34-8F28-3DA110D69000}.Release|x64.Build.0 = Release|x64
		{E2C4AB21-689E-4C34-8F28-3DA110D69000}.Release|x86.ActiveCfg = Release|Win32
		{E2C4AB21-689E-4C34-8F28-3DA110D69000}.Release|x86.Build.0 = Release|Win32
		{E2C4AB21-689E-4C34-8F28-3DA110D69019}.Debug|x64.ActiveCfg = Debug|x64
		{E2C4AB21-689E-4C34-8F28-3DA110D69019}.Debug|x64.Build.0 = Debug|x64
		{E2C4AB21-689E-4C34-8F28-3DA110D69019}.Debug|x86.ActiveCfg = Debug|Win32
		{E2C4AB21-689E-4C34-8F28-3DA110D69019}.Debug|x86.Build.0 = Debug|Win32
		{E2C4AB21-689E-4C34-8F28-3DA110D69019}.Release|x64.ActiveCfg = Release|x64
		{E2C4AB21-689E-4C34-8F28-3DA110D69019}.Release|x64.Build.0 = Release|x64
		{E2C4AB21-689E-4C34-8F28-3DA110D69019}.Release|x86.ActiveCfg = Release|Win32
		{E2C4AB21-689E-4C34-8F28-3DA110D69019}.Release|x86.Build.0 = Release|Win32
		{E2C4AB21-689E-4C34-8F28-3DA110D69018}.Debug|x64.ActiveCfg = Debug|x64
		{E2C4AB21-689E-4C34-8F28-3DA110D69018}.Debug|x64.Build.0 = Debug|x64
		{E2C4AB21-689E-4C34-8F28-3DA110D69018}.Debug|x86.ActiveCfg = Debug|Win32
		{E2C4AB21-689E-4C34-8F28-3DA110D69018}.Debug|x86.Build.0 = Debug|Win32
		{E2C4AB21-689E-4C34-8F28-3DA110D69018}.Release|x64.ActiveCfg = Release|x64
		{E2C4AB21-689E-4C34-8F28-3DA110D69018}.Release|x64.Build.0 = Release|x64
		{E2C4AB21-689E-4C34-8F28-3DA110D69018}.Release|x86.ActiveCfg = Release|Win32
		{E2C4AB21-689E-4C34-8F28-3DA110D69018}.Release|x86.Build.0 = Release|Win32
		{E2C4AB21-689E-4C34-8F28-3DA110D69017}.Debug|x64.ActiveCfg = Debug|x64
		{E2C4AB21-689E-4C34-8F28-3DA110D69017}.Debug|x64.Build.0 = Debug|x64
		{E2C4AB21-689E-4C34-8F28-3DA110D69017}.Debug|x86.ActiveCfg = Debug|Win32
		{E2C4AB21-689E-4C34-8F28-3DA110D69017}.Debug|x86.Build.0 = Debug|Win32
		{E2C4AB21-689E-4C34-8F28-3DA110D69017}.Release|x64.ActiveCfg = Release|x64
		{E2C4AB21-689E-4C34-8F28-3DA110D69017}.Release|x64.Build.0 = Release|x64
		{E2C4AB21-689E-4C34-8F28-3DA110D69017}.Release|x86.ActiveCfg = Release|Win32
		{E2C4AB21-689E-4C34-8F28-3DA110D69017}.Release|x86.Build.0 = Release|Win32
		{E2C4AB21-689E-4C34-8F28-3DA110D69016}.Debug|x64.ActiveCfg = Debug|x64
		{E2C4AB21-689E-4C34-8F28-3DA110D69016}.Debug|x64.Build.0 = Debug|x64
		{E2C4AB21-689E-4C34-8F28-3DA110D69016}.Debug|x86.ActiveCfg = Debug|Win32
		{E2C4AB21-689E-4C34-8F28-3DA110D69016}.Debug|x86.Build.0 = Debug|Win32
		{E2C4AB21-689E-4C34-8F28-3DA110D69016}.Release|x64.ActiveCfg = Release|x64
		{E2C4AB21-689E-4C34-8F28-3DA110D69016}.Release|x64.Build.0 = Release|x64
		{E2C4AB21-689E-4C34-8F28-3DA110D69016}.Release|x86.ActiveCfg = Release|Win32
		{E2C4AB21-689E-4C34-8F28-3DA110D69016}.Release|x86.Build.0 = Release|Win32
		{B4F8D884-F16C-4663-A6A9-A007118657EA}.Debug|x64.ActiveCfg = Debug|x64
		{B4F8D884-F16C-4663-A6A9-A007118657EA}.Debug|x64.Build.0 = Debug|x64
		{B4F8D884-F16C-4663-A6A9-A007118657EA}.Debug|x86.ActiveCfg = Debug|Win32
		{B4F8D884-F16C-4663-A6A9-A007118657EA}.Debug|x86.Build.0 = Debug|Win32
		{B4F8D884-F16C-4663-A6A9-A007118657EA}.Release|x64.ActiveCfg = Release|x64
		{B4F8D884-F16C-4663-A6A9-A007118657EA}.Release|x64.Build.0 = Release|x64
		{B4F8D884-F16C-4663-A6A9-A007118657EA}.Release|x86.ActiveCfg = Release|Win32
		{B4F8D884-F16C-4663-A6A9-A007118657EA}.Release|x86.Build.0 = Release|Win32
		{E2C4AB21-689E-4C34-8F28-3DA110D69015}.Debug|x64.ActiveCfg = Debug|x64
		{E2C4AB21-689E-4C34-8F28-3DA110D69015}.Debug|x64.Build.0 = Debug|x64
		{E2C4AB21-689E-4C34-8F28-3DA110D69015}.Debug|x86.ActiveCfg = Debug|Win32
		{E2C4AB21-689E-4C34-8F28-3DA110D69015}.Debug|x86.Build.0 = Debug|Win32
		{E2C4AB21-689E-4C34-8F28-3DA110D69015}.Release|x64.ActiveCfg = Release|x64
		{E2C4AB21-689E-4C34-8F28-3DA110D69015}.Release|x64.Build.0 = Release|x64
		{E2C4AB21-689E-4C34-8F28-3DA110D69015}.Release|x86.ActiveCfg = Release|Win32
		{E2C4AB21-689E-4C34-8F28-3DA110D69015}.Release|x86.Build.0 = Release|Win32
		{E2C4AB21-689E-4C34-8F28-3DA110D69014}.Debug|x64.ActiveCfg = Debug|x64
		{E2C4AB21-689E-4C34-8F28-3DA110D69014}.Debug|x64.Build.0 = Debug|x64
		{E2C4AB21-689E-4C34-8F28-3DA110D69014}.Debug|x86.ActiveCfg = Debug|Win32
		{E2C4AB21-689E-4C34-8F28-3DA110D69014}.Debug|x86.Build.0 = Debug|Win32
		{E2C4AB21-689E-4C34-8F28-3DA110D69014}.Release|x64.ActiveCfg = Release|x64
		{E2C4AB21-689E-4C34-8F28-3DA110D69014}.Release|x64.Build.0 = Release|x64
		{E2C4AB21-689E-4C34-8F28-3DA110D69014}.Release|x86.ActiveCfg = Release|Win32
		{E2C4AB21-689E-4C34-8F28-3DA110D69014}.Release|x86.Build.0 = Release|Win32
		{E2C4AB21-689E-4C34-8F28-3DA110D69013}.Debug|x64.ActiveCfg = Debug|x64
		{E2C4AB21-689E-4C34-8F28-3DA110D69013}.Debug|x64.Build.0 = Debug|x64
		{E2C4AB21-689E-4C34-8F28-3DA110D69013}.Debug|x86.ActiveCfg = Debug|Win32
		{E2C4AB21-689E-4C34-8F28-3DA110D69013}.Debug|x86.Build.0 = Debug|Win32
		{E2C4AB21-689E-4C34-8F28-3DA110D69013}.Release|x64.ActiveCfg = Release|x64
		{E2C4AB21-689E-4C34-8F28-3DA110D69013}.Release|x64.Build.0 = Release|x64
		{E2C4AB21-689E-4C34-8F28-3DA110D69013}.Release|x86.ActiveCfg = Release|Win32
		{E2C4AB21-689E-4C34-8F28-3DA110D69013}.Release|x86.Build.0 = Release|Win32
		{E2C4AB21-689E-4C34-8F28-3DA110D69012}.Debug|x64.ActiveCfg = Debug|x64
		{E2C4AB21-689E-4C34-8F28-3DA110D69012}.Debug|x64.Build.0 = Debug|x64
		{E2C4AB21-689E-4C34-8F28-3DA110D69012}.Debug|x86.ActiveCfg = Debug|Win32
		{E2C4AB21-689E-4C34-8F28-3DA110D69012}.Debug|x86.Build.0 = Debug|Win32
		{E2C4AB21-689E-4C34-8F28-3DA110D69012}.Release|x64.ActiveCfg = Release|x64
		{E2C4AB21-689E-4C34-8F28-3DA110D69012}.Release|x64.Build.0 = Release|x64
		{E2C4AB21-689E-4C34-8F28-3DA110D69012}.Release|x86.ActiveCfg = Release|Win32
		{E2C4AB21-689E-4C34-8F28-3DA110D69012}.Release|x86.Build.0 = Release|Win32
		{E2C4AB21-689E-4C34-8F28-3DA110D69011}.Debug|x64.ActiveCfg = Debug|x64
		{E2C4AB21-689E-4C34-8F28-3DA110D69011}.Debug|x64.Build.0 = Debug|x64
		{E2C4AB21-689E-4C34-8F28-3DA110D69011}.Debug|x86.ActiveCfg = Debug|Win32
		{E2C4AB21-689E-4C34-8F28-3DA110D69011}.Debug|x86.Build.0 = Debug|Win32
		{E2C4AB21-689E-4C34-8F28-3DA110D69011}.Release|x64.ActiveCfg = Release|x64
		{E2C4AB21-689E-4C34-8F28-3DA110D69011}.Release|x64.Build.0 = Release|x64
		{E2C4AB21-689E-4C34-8F28-3DA110D69011}.Release|x86.ActiveCfg = Release|Win32
		{E2C4AB21-689E-4C34-8F28-3DA110D69011}.Release|x86.Build.0 = Release|Win32
		{E2C4AB21-689E-4C34-8F28-3DA110D69010}.Debug|x64.ActiveCfg = Debug|x64
		{E2C4AB21-689E-4C34-8F28-3DA110D69010}.Debug|x64.Build.0 = Debug|x64
		{E2C4AB21-689E-4C34-8F28-3DA110D69010}.Debug|x86.ActiveCfg = Debug|Win32
		{E2C4AB21-689E-4C34-8F28-3DA110D69010}.Debug|x86.Build.0 = Debug|Win32
		{E2C4AB21-689E-4C34-8F28-3DA110D69010}.Release|x64.ActiveCfg = Release|x64
		{E2C4AB21-689E-4C34-8F28-3DA110D69010}.Release|x64.Build.0 = Release|x64
		{E2C4AB21-689E-4C34-8F28-3DA110D69010}.Release|x86.ActiveCfg = Release|Win32
		{E2C4AB21-689E-4C34-8F28-3DA110D69010}.Release|x86.Build.0 = Release|Win32
		{E2C4AB21-689E-4C34-8F28-3DA110D69009}.Debug|x64.ActiveCfg = Debug|x64
		{E2C4AB21-689E-4C34-8F28-3DA110D69009}.Debug|x64.Build.0 = Debug|x64
		{E2C4AB21-689E-4C34-8F28-3DA110D69009}.Debug|x86.ActiveCfg = Debug|Win32
		{E2C4AB21-689E-4C34-8F28-3DA110D69009}.Debug|x86.Build.0 = Debug|Win32
		{E2C4AB21-689E-4C34-8F28-3DA110D69009}.Release|x64.ActiveCfg = Release|x64
		{E2C4AB21-689E-4C34-8F28-3DA110D69009}.Release|x64.Build.0 = Release|x64
		{E2C4AB21-689E-4C34-8F28-3DA110D69009}.Release|x86.ActiveCfg = Release|Win32
		{E2C4AB21-689E-4C34-8F28-3DA110D69009}.Release|x86.Build.0 = Release|Win32
		{E2C4AB21-689E-4C34-8F28-3DA110D69008}.Debug|x64.ActiveCfg = Debug|x64
		{E2C4AB21-689E-4C34-8F28-3DA110D69008}.Debug|x64.Build.0 = Debug|x64
		{E2C4AB21-689E-4C34-8F28-3DA110D69008}.Debug|x86.ActiveCfg = Debug|Win32
		{E2C4AB21-689E-4C34-8F28-3DA110D69008}.Debug|x86.Build.0 = Debug|Win32
		{E2C4AB21-689E-4C34-8F28-3DA110D69008}.Release|x64.ActiveCfg = Release|x64
		{E2C4AB21-689E-4C34-8F28-3DA110D69008}.Release|x64.Build.0 = Release|x64
		{E2C4AB21-689E-4C34-8F28-3DA110D69008}.Release|x86.ActiveCfg = Release|Win32
		{E2C4AB21-689E-4C34-8F28-3DA110D69008}.Release|x86.Build.0 = Release|Win32
		{E9EFA750-A876-4D93-AC34-07DEE742F8ED}.Debug|x64.ActiveCfg = Debug|x64
		{E9EFA750-A876-4D93-AC34-07DEE742F8ED}.Debug|x64.Build.0 = Debug|x64
		{E9EFA750-A876-4D93-AC34-07DEE742F8ED}.Debug|x86.ActiveCfg = Debug|Win32
		{E9EFA750-A876-4D93-AC34-07DEE742F8ED}.Debug|x86.Build.0 = Debug|Win32
		{E9EFA750-A876-4D93-AC34-07DEE742F8ED}.Release|x64.ActiveCfg = Release|x64
		{E9EFA750-A876-4D93-AC34-07DEE742F8ED}.Release|x64.Build.0 = Release|x64
		{E9EFA750-A876-4D93-AC34-07DEE742F8ED}.Release|x86.ActiveCfg = Release|Win32
		{E9EFA750-A876-4D93-AC34-07DEE742F8ED}.Release|x86.Build.0 = Release|Win32
		{C2F1A1D9-3671-453D-A31E-B6D778713A37}.Debug|x64.ActiveCfg = Debug|x64
		{C2F1A1D9-3671-453D-A31E-B6D778713A37}.Debug|x64.Build.0 = Debug|x64
		{C2F1A1D9-3671-453D-A31E-B6D778713A37}.Debug|x86.ActiveCfg = Debug|Win32
		{C2F1A1D9-3671-453D-A31E-B6D778713A37}.Debug|x86.Build.0 = Debug|Win32
		{C2F1A1D9-3671-453D-A31E-B6D778713A37}.Release|x64.ActiveCfg = Release|x64
		{C2F1A1D9-3671-453D-A31E-B6D778713A37}.Release|x64.Build.0 = Release|x64
		{C2F1A1D9-3671-453D-A31E-B6D778713A37}.Release|x86.ActiveCfg = Release|Win32
		{C2F1A1D9-3671-453D-A31E-B6D778713A37}.Release|x86.Build.0 = Release|Win32
		{E2C4AB21-689E-4C34-8F28-3DA110D69003}.Debug|x64.ActiveCfg = Debug|x64
		{E2C4AB21-689E-4C34-8F28-3DA110D69003}.Debug|x64.Build.0 = Debug|x64
		{E2C4AB21-689E-4C34-8F28-3DA110D69003}.Debug|x86.ActiveCfg = Debug|Win32
		{E2C4AB21-689E-4C34-8F28-3DA110D69003}.Debug|x86.Build.0 = Debug|Win32
		{E2C4AB21-689E-4C34-8F28-3DA110D69003}.Release|x64.ActiveCfg = Release|x64
		{E2C4AB21-689E-4C34-8F28-3DA110D69003}.Release|x64.Build.0 = Release|x64
		{E2C4AB21-689E-4C34-8F28-3DA110D69003}.Release|x86.ActiveCfg = Release|Win32
		{E2C4AB21-689E-4C34-8F28-3DA110D69003}.Release|x86.Build.0 = Release|Win32
		{E2C4AB21-689E-4C34-8F28-3DA110D69004}.Debug|x64.ActiveCfg = Debug|x64
		{E2C4AB21-689E-4C34-8F28-3DA110D69004}.Debug|x64.Build.0 = Debug|x64
		{E2C4AB21-689E-4C34-8F28-3DA110D69004}.Debug|x86.ActiveCfg = Debug|Win32
		{E2C4AB21-689E-4C34-8F28-3DA110D69004}.Debug|x86.Build.0 = Debug|Win32
		{E2C4AB21-689E-4C34-8F28-3DA110D69004}.Release|x64.ActiveCfg = Release|x64
		{E2C4AB21-689E-4C34-8F28-3DA110D69004}.Release|x64.Build.0 = Release|x64
		{E2C4AB21-689E-4C34-8F28-3DA110D69004}.Release|x86.ActiveCfg = Release|Win32
		{E2C4AB21-689E-4C34-8F28-3DA110D69004}.Release|x86.Build.0 = Release|Win32
		{E2C4AB21-689E-4C34-8F28-3DA110D69005}.Debug|x64.ActiveCfg = Debug|x64
		{E2C4AB21-689E-4C34-8F28-3DA110D69005}.Debug|x64.Build.0 = Debug|x64
		{E2C4AB21-689E-4C34-8F28-3DA110D69005}.Debug|x86.ActiveCfg = Debug|Win32
		{E2C4AB21-689E-4C34-8F28-3DA110D69005}.Debug|x86.Build.0 = Debug|Win32
		{E2C4AB21-689E-4C34-8F28-3DA110D69005}.Release|x64.ActiveCfg = Release|x64
		{E2C4AB21-689E-4C34-8F28-3DA110D69005}.Release|x64.Build.0 = Release|x64
		{E2C4AB21-689E-4C34-8F28-3DA110D69005}.Release|x86.ActiveCfg = Release|Win32
		{E2C4AB21-689E-4C34-8F28-3DA110D69005}.Release|x86.Build.0 = Release|Win32
		{E2C4AB21-689E-4C34-8F28-3DA110D69006}.Debug|x64.ActiveCfg = Debug|x64
		{E2C4AB21-689E-4C34-8F28-3DA110D69006}.Debug|x64.Build.0 = Debug|x64
		{E2C4AB21-689E-4C34-8F28-3DA110D69006}.Debug|x86.ActiveCfg = Debug|Win32
		{E2C4AB21-689E-4C34-8F28-3DA110D69006}.Debug|x86.Build.0 = Debug|Win32
		{E2C4AB21-689E-4C34-8F28-3DA110D69006}.Release|x64.ActiveCfg = Release|x64
		{E2C4AB21-689E-4C34-8F28-3DA110D69006}.Release|x64.Build.0 = Release|x64
		{E2C4AB21-689E-4C34-8F28-3DA110D69006}.Release|x86.ActiveCfg = Release|Win32
		{E2C4AB21-689E-4C34-8F28-3DA110D69006}.Release|x86.Build.0 = Release|Win32
		{E2C4AB21-689E-4C34-8F28-3DA110D69007}.Debug|x64.ActiveCfg = Debug|x64
		{E2C4AB21-689E-4C34-8F28-3DA110D69007}.Debug|x64.Build.0 = Debug|x64
		{E2C4AB21-689E-4C34-8F28-3DA110D69007}.Debug|x86.ActiveCfg = Debug|Win32
		{E2C4AB21-689E-4C34-8F28-3DA110D69007}.Debug|x86.Build.0 = Debug|Win32
		{E2C4AB21-689E-4C34-8F28-3DA110D69007}.Release|x64.ActiveCfg = Release|x64
		{E2C4AB21-689E-4C34-8F28-3DA110D69007}.Release|x64.Build.0 = Release|x64
		{E2C4AB21-689E-4C34-8F28-3DA110D69007}.Release|x86.ActiveCfg = Release|Win32
		{E2C4AB21-689E-4C34-8F28-3DA110D69007}.Release|x86.Build.0 = Release|Win32
		{E2C4AB21-789E-4C34-8F28-3DA110D693E0}.Debug|x64.ActiveCfg = Debug|x64
		{E2C4AB21-789E-4C34-8F28-3DA110D693E0}.Debug|x64.Build.0 = Debug|x64
		{E2C4AB21-789E-4C34-8F28-3DA110D693E0}.Debug|x86.ActiveCfg = Debug|Win32
		{E2C4AB21-789E-4C34-8F28-3DA110D693E0}.Debug|x86.Build.0 = Debug|Win32
		{E2C4AB21-789E-4C34-8F28-3DA110D693E0}.Release|x64.ActiveCfg = Release|x64
		{E2C4AB21-789E-4C34-8F28-3DA110D693E0}.Release|x64.Build.0 = Release|x64
		{E2C4AB21-789E-4C34-8F28-3DA110D693E0}.Release|x86.ActiveCfg = Release|Win32
		{E2C4AB21-789E-4C34-8F28-3DA110D693E0}.Release|x86.Build.0 = Release|Win32
		{E2C4AB22-789E-4C34-8F28-3DA110D693E0}.Debug|x64.ActiveCfg = Debug|x64
		{E2C4AB22-789E-4C34-8F28-3DA110D693E0}.Debug|x64.Build.0 = Debug|x64
		{E2C4AB22-789E-4C34-8F28-3DA110D693E0}.Debug|x86.ActiveCfg = Debug|Win32
		{E2C4AB22-789E-4C34-8F28-3DA110D693E0}.Debug|x86.Build.0 = Debug|Win32
		{E2C4AB22-789E-4C34-8F28-3DA110D693E0}.Release|x64.ActiveCfg = Release|x64
		{E2C4AB22-789E-4C34-8F28-3DA110D693E0}.Release|x64.Build.0 = Release|x64
		{E2C4AB22-789E-4C34-8F28-3DA110D693E0}.Release|x86.ActiveCfg = Release|Win32
		{E2C4AB22-789E-4C34-8F28-3DA110D693E0}.Release|x86.Build.0 = Release|Win32
		{E2D8AB22-789E-4C34-8F28-3DA110D693E0}.Debug|x64.ActiveCfg = Debug|x64
		{E2D8AB22-789E-4C34-8F28-3DA110D693E0}.Debug|x64.Build.0 = Debug|x64
		{E2D8AB22-789E-4C34-8F28-3DA110D693E0}.Debug|x86.ActiveCfg = Debug|Win32
		{E2D8AB22-789E-4C34-8F28-3DA110D693E0}.Debug|x86.Build.0 = Debug|Win32
		{E2D8AB22-789E-4C34-8F28-3DA110D693E0}.Release|x64.ActiveCfg = Release|x64
		{E2D8AB22-789E-4C34-8F28-3DA110D693E0}.Release|x64.Build.0 = Release|x64
		{E2D8AB22-789E-4C34-8F28-3DA110D693E0}.Release|x86.ActiveCfg = Release|Win32
		{E2D8AB22-789E-4C34-8F28-3DA110D693E0}.Release|x86.Build.0 = Release|Win32
	EndGlobalSection
	GlobalSection(SolutionProperties) = preSolution
		HideSolutionNode = FALSE
	EndGlobalSection
	GlobalSection(NestedProjects) = preSolution
		{E2C4AB21-689E-4C34-8F28-3DA110D693E0} = {525E5FD3-1C8D-4222-94B7-FA2BBD22BC6A}
		{E2C4AB21-689E-4C34-8F28-3DA110D69001} = {525E5FD3-1C8D-4222-94B7-FA2BBD22BC6A}
		{E2C4AB21-689E-4C34-8F28-3DA110D69002} = {525E5FD3-1C8D-4222-94B7-FA2BBD22BC6A}
		{E2C4AB21-689E-4C34-8F28-3DA110D69000} = {525E5FD3-1C8D-4222-94B7-FA2BBD22BC6A}
		{E2C4AB21-689E-4C34-8F28-3DA110D69019} = {525E5FD3-1C8D-4222-94B7-FA2BBD22BC6A}
		{E2C4AB21-689E-4C34-8F28-3DA110D69018} = {525E5FD3-1C8D-4222-94B7-FA2BBD22BC6A}
		{E2C4AB21-689E-4C34-8F28-3DA110D69017} = {525E5FD3-1C8D-4222-94B7-FA2BBD22BC6A}
		{E2C4AB21-689E-4C34-8F28-3DA110D69016} = {525E5FD3-1C8D-4222-94B7-FA2BBD22BC6A}
		{B4F8D884-F16C-4663-A6A9-A007118657EA} = {525E5FD3-1C8D-4222-94B7-FA2BBD22BC6A}
		{E2C4AB21-689E-4C34-8F28-3DA110D69015} = {525E5FD3-1C8D-4222-94B7-FA2BBD22BC6A}
		{E2C4AB21-689E-4C34-8F28-3DA110D69014} = {525E5FD3-1C8D-4222-94B7-FA2BBD22BC6A}
		{E2C4AB21-689E-4C34-8F28-3DA110D69013} = {525E5FD3-1C8D-4222-94B7-FA2BBD22BC6A}
		{E2C4AB21-689E-4C34-8F28-3DA110D69012} = {525E5FD3-1C8D-4222-94B7-FA2BBD22BC6A}
		{E2C4AB21-689E-4C34-8F28-3DA110D69011} = {525E5FD3-1C8D-4222-94B7-FA2BBD22BC6A}
		{E2C4AB21-689E-4C34-8F28-3DA110D69010} = {525E5FD3-1C8D-4222-94B7-FA2BBD22BC6A}
		{E2C4AB21-689E-4C34-8F28-3DA110D69009} = {525E5FD3-1C8D-4222-94B7-FA2BBD22BC6A}
		{E2C4AB21-689E-4C34-8F28-3DA110D69008} = {525E5FD3-1C8D-4222-94B7-FA2BBD22BC6A}
		{E9EFA750-A876-4D93-AC34-07DEE742F8ED} = {525E5FD3-1C8D-4222-94B7-FA2BBD22BC6A}
		{C2F1A1D9-3671-453D-A31E-B6D778713A37} = {525E5FD3-1C8D-4222-94B7-FA2BBD22BC6A}
		{E2C4AB21-689E-4C34-8F28-3DA110D69003} = {525E5FD3-1C8D-4222-94B7-FA2BBD22BC6A}
		{E2C4AB21-689E-4C34-8F28-3DA110D69004} = {525E5FD3-1C8D-4222-94B7-FA2BBD22BC6A}
		{E2C4AB21-689E-4C34-8F28-3DA110D69005} = {525E5FD3-1C8D-4222-94B7-FA2BBD22BC6A}
		{E2C4AB21-689E-4C34-8F28-3DA110D69006} = {525E5FD3-1C8D-4222-94B7-FA2BBD22BC6A}
		{E2C4AB21-689E-4C34-8F28-3DA110D69007} = {525E5FD3-1C8D-4222-94B7-FA2BBD22BC6A}
		{E2C4AB21-789E-4C34-8F28-3DA110D693E0} = {B545F96F-43A0-4E7F-97F8-5A6D4C7BEF54}
		{E2C4AB22-789E-4C34-8F28-3DA110D693E0} = {B545F96F-43A0-4E7F-97F8-5A6D4C7BEF54}
		{E2D8AB22-789E-4C34-8F28-3DA110D693E0} = {B545F96F-43A0-4E7F-97F8-5A6D4C7BEF54}
	EndGlobalSection
	GlobalSection(ExtensibilityGlobals) = postSolution
		SolutionGuid = {16792E39-2BB2-4F47-8435-4E1BB1A71C57}
	EndGlobalSection
EndGlobal
